
Microsoft Visual Studio Solution File, Format Version 12.00
# Visual Studio Version 16
VisualStudioVersion = 16.0.30907.101
MinimumVisualStudioVersion = 10.0.40219.1
Project("{9A19103F-16F7-4668-BE54-9A1E7A4F7556}") = "SellerScreen-2022", "SellerScreen-2022\SellerScreen-2022.csproj", "{092A3FF0-44C7-47B5-A09B-F6873BAA47F8}"
EndProject
Project("{FAE04EC0-301F-11D3-BF4B-00C04F79EFBC}") = "InternalShared", "InternalShared\InternalShared.csproj", "{58195972-83B2-470F-A9F4-1D91BCD4EB2D}"
EndProject
Project("{FAE04EC0-301F-11D3-BF4B-00C04F79EFBC}") = "SellerScreen-2022 DataWatcher", "SellerScreen-2022 DataWatcher\SellerScreen-2022 DataWatcher.csproj", "{C22F2224-326B-4E29-A079-7B8149B5EEB8}"
EndProject
Global
	GlobalSection(SolutionConfigurationPlatforms) = preSolution
		Debug extern|Any CPU = Debug extern|Any CPU
		Debug|Any CPU = Debug|Any CPU
		Release|Any CPU = Release|Any CPU
	EndGlobalSection
	GlobalSection(ProjectConfigurationPlatforms) = postSolution
		{092A3FF0-44C7-47B5-A09B-F6873BAA47F8}.Debug extern|Any CPU.ActiveCfg = Debug extern|Any CPU
		{092A3FF0-44C7-47B5-A09B-F6873BAA47F8}.Debug extern|Any CPU.Build.0 = Debug extern|Any CPU
		{092A3FF0-44C7-47B5-A09B-F6873BAA47F8}.Debug|Any CPU.ActiveCfg = Debug|Any CPU
		{092A3FF0-44C7-47B5-A09B-F6873BAA47F8}.Debug|Any CPU.Build.0 = Debug|Any CPU
		{092A3FF0-44C7-47B5-A09B-F6873BAA47F8}.Release|Any CPU.ActiveCfg = Release|Any CPU
		{092A3FF0-44C7-47B5-A09B-F6873BAA47F8}.Release|Any CPU.Build.0 = Release|Any CPU
		{58195972-83B2-470F-A9F4-1D91BCD4EB2D}.Debug extern|Any CPU.ActiveCfg = Debug extern|Any CPU
		{58195972-83B2-470F-A9F4-1D91BCD4EB2D}.Debug extern|Any CPU.Build.0 = Debug extern|Any CPU
		{58195972-83B2-470F-A9F4-1D91BCD4EB2D}.Debug|Any CPU.ActiveCfg = Debug|Any CPU
		{58195972-83B2-470F-A9F4-1D91BCD4EB2D}.Debug|Any CPU.Build.0 = Debug|Any CPU
		{58195972-83B2-470F-A9F4-1D91BCD4EB2D}.Release|Any CPU.ActiveCfg = Release|Any CPU
		{58195972-83B2-470F-A9F4-1D91BCD4EB2D}.Release|Any CPU.Build.0 = Release|Any CPU
		{C22F2224-326B-4E29-A079-7B8149B5EEB8}.Debug extern|Any CPU.ActiveCfg = Debug|Any CPU
		{C22F2224-326B-4E29-A079-7B8149B5EEB8}.Debug extern|Any CPU.Build.0 = Debug|Any CPU
		{C22F2224-326B-4E29-A079-7B8149B5EEB8}.Debug|Any CPU.ActiveCfg = Debug|Any CPU
		{C22F2224-326B-4E29-A079-7B8149B5EEB8}.Debug|Any CPU.Build.0 = Debug|Any CPU
		{C22F2224-326B-4E29-A079-7B8149B5EEB8}.Release|Any CPU.ActiveCfg = Release|Any CPU
		{C22F2224-326B-4E29-A079-7B8149B5EEB8}.Release|Any CPU.Build.0 = Release|Any CPU
	EndGlobalSection
	GlobalSection(SolutionProperties) = preSolution
		HideSolutionNode = FALSE
	EndGlobalSection
	GlobalSection(ExtensibilityGlobals) = postSolution
		SolutionGuid = {2A09FF97-27EB-40B0-B516-3F34C30A9AF2}
	EndGlobalSection
EndGlobal
